
Microsoft Visual Studio Solution File, Format Version 12.00
# Visual Studio Version 17
VisualStudioVersion = 17.0.31903.59
MinimumVisualStudioVersion = 10.0.40219.1
Project("{FAE04EC0-301F-11D3-BF4B-00C04F79EFBC}") = "BuildAntlr", "BuildAntlr\BuildAntlr.csproj", "{D66BBB57-A304-45BC-914C-34A432CB917D}"
EndProject
Project("{FAE04EC0-301F-11D3-BF4B-00C04F79EFBC}") = "Logo2Svg", "Logo2Svg\Logo2Svg.csproj", "{DC4BCB11-6EA3-4FBE-923B-3E931F6F085D}"
EndProject
Project("{FAE04EC0-301F-11D3-BF4B-00C04F79EFBC}") = "LogoTests", "LogoTests\LogoTests.csproj", "{A047A61C-1A59-4611-AC45-63D2B96EF7C6}"
EndProject
Global
	GlobalSection(SolutionConfigurationPlatforms) = preSolution
		Debug|Any CPU = Debug|Any CPU
		Release|Any CPU = Release|Any CPU
	EndGlobalSection
	GlobalSection(SolutionProperties) = preSolution
		HideSolutionNode = FALSE
	EndGlobalSection
	GlobalSection(ProjectConfigurationPlatforms) = postSolution
		{D66BBB57-A304-45BC-914C-34A432CB917D}.Debug|Any CPU.ActiveCfg = Debug|Any CPU
		{D66BBB57-A304-45BC-914C-34A432CB917D}.Debug|Any CPU.Build.0 = Debug|Any CPU
		{D66BBB57-A304-45BC-914C-34A432CB917D}.Release|Any CPU.ActiveCfg = Release|Any CPU
		{D66BBB57-A304-45BC-914C-34A432CB917D}.Release|Any CPU.Build.0 = Release|Any CPU
		{DC4BCB11-6EA3-4FBE-923B-3E931F6F085D}.Debug|Any CPU.ActiveCfg = Debug|Any CPU
		{DC4BCB11-6EA3-4FBE-923B-3E931F6F085D}.Debug|Any CPU.Build.0 = Debug|Any CPU
		{DC4BCB11-6EA3-4FBE-923B-3E931F6F085D}.Release|Any CPU.ActiveCfg = Release|Any CPU
		{DC4BCB11-6EA3-4FBE-923B-3E931F6F085D}.Release|Any CPU.Build.0 = Release|Any CPU
		{A047A61C-1A59-4611-AC45-63D2B96EF7C6}.Debug|Any CPU.ActiveCfg = Debug|Any CPU
		{A047A61C-1A59-4611-AC45-63D2B96EF7C6}.Debug|Any CPU.Build.0 = Debug|Any CPU
		{A047A61C-1A59-4611-AC45-63D2B96EF7C6}.Release|Any CPU.ActiveCfg = Release|Any CPU
		{A047A61C-1A59-4611-AC45-63D2B96EF7C6}.Release|Any CPU.Build.0 = Release|Any CPU
	EndGlobalSection
EndGlobal
